// !$*UTF8*$!
{
	archiveVersion = 1;
	classes = {
	};
	objectVersion = 55;
	objects = {

/* Begin PBXBuildFile section */
		4172CF6E27F33F6000B9E8B1 /* ateliers_farsianiApp.swift in Sources */ = {isa = PBXBuildFile; fileRef = 4172CF6D27F33F6000B9E8B1 /* ateliers_farsianiApp.swift */; };
		4172CF7027F33F6000B9E8B1 /* ContentView.swift in Sources */ = {isa = PBXBuildFile; fileRef = 4172CF6F27F33F6000B9E8B1 /* ContentView.swift */; };
		4172CF7227F33F6D00B9E8B1 /* Assets.xcassets in Resources */ = {isa = PBXBuildFile; fileRef = 4172CF7127F33F6D00B9E8B1 /* Assets.xcassets */; };
		4172CF7527F33F6D00B9E8B1 /* Preview Assets.xcassets in Resources */ = {isa = PBXBuildFile; fileRef = 4172CF7427F33F6D00B9E8B1 /* Preview Assets.xcassets */; };
		4172CF7C27F3421F00B9E8B1 /* Launch_Screen.storyboard in Resources */ = {isa = PBXBuildFile; fileRef = 4172CF7B27F3421F00B9E8B1 /* Launch_Screen.storyboard */; };
		4172CF7E27F355A400B9E8B1 /* PictureView.swift in Sources */ = {isa = PBXBuildFile; fileRef = 4172CF7D27F355A400B9E8B1 /* PictureView.swift */; };
		4172CF8027F355B300B9E8B1 /* VideoView.swift in Sources */ = {isa = PBXBuildFile; fileRef = 4172CF7F27F355B300B9E8B1 /* VideoView.swift */; };
		4172CF8227F3575000B9E8B1 /* MainView.swift in Sources */ = {isa = PBXBuildFile; fileRef = 4172CF8127F3575000B9E8B1 /* MainView.swift */; };
		4172CF8A27F38C8D00B9E8B1 /* VideoCardView.swift in Sources */ = {isa = PBXBuildFile; fileRef = 4172CF8927F38C8D00B9E8B1 /* VideoCardView.swift */; };
		4172CF8C27F38D1F00B9E8B1 /* balarinas.mov in Resources */ = {isa = PBXBuildFile; fileRef = 4172CF8B27F38D1F00B9E8B1 /* balarinas.mov */; };
		4172CF8E27F38FAC00B9E8B1 /* runway.mov in Resources */ = {isa = PBXBuildFile; fileRef = 4172CF8D27F38FAC00B9E8B1 /* runway.mov */; };
		4172CF9027F3931C00B9E8B1 /* runwayback.mov in Resources */ = {isa = PBXBuildFile; fileRef = 4172CF8F27F3931C00B9E8B1 /* runwayback.mov */; };
		4172CF9227F4818E00B9E8B1 /* CreditView.swift in Sources */ = {isa = PBXBuildFile; fileRef = 4172CF9127F4818D00B9E8B1 /* CreditView.swift */; };
		4172CF9427F4970600B9E8B1 /* ImageDetail.swift in Sources */ = {isa = PBXBuildFile; fileRef = 4172CF9327F4970600B9E8B1 /* ImageDetail.swift */; };
/* End PBXBuildFile section */

/* Begin PBXFileReference section */
		4172CF6A27F33F6000B9E8B1 /* ateliers_farsiani.app */ = {isa = PBXFileReference; explicitFileType = wrapper.application; includeInIndex = 0; path = ateliers_farsiani.app; sourceTree = BUILT_PRODUCTS_DIR; };
		4172CF6D27F33F6000B9E8B1 /* ateliers_farsianiApp.swift */ = {isa = PBXFileReference; lastKnownFileType = sourcecode.swift; path = ateliers_farsianiApp.swift; sourceTree = "<group>"; };
		4172CF6F27F33F6000B9E8B1 /* ContentView.swift */ = {isa = PBXFileReference; lastKnownFileType = sourcecode.swift; path = ContentView.swift; sourceTree = "<group>"; };
		4172CF7127F33F6D00B9E8B1 /* Assets.xcassets */ = {isa = PBXFileReference; lastKnownFileType = folder.assetcatalog; path = Assets.xcassets; sourceTree = "<group>"; };
		4172CF7427F33F6D00B9E8B1 /* Preview Assets.xcassets */ = {isa = PBXFileReference; lastKnownFileType = folder.assetcatalog; path = "Preview Assets.xcassets"; sourceTree = "<group>"; };
		4172CF7B27F3421F00B9E8B1 /* Launch_Screen.storyboard */ = {isa = PBXFileReference; lastKnownFileType = file.storyboard; path = Launch_Screen.storyboard; sourceTree = "<group>"; };
		4172CF7D27F355A400B9E8B1 /* PictureView.swift */ = {isa = PBXFileReference; lastKnownFileType = sourcecode.swift; path = PictureView.swift; sourceTree = "<group>"; };
		4172CF7F27F355B300B9E8B1 /* VideoView.swift */ = {isa = PBXFileReference; lastKnownFileType = sourcecode.swift; path = VideoView.swift; sourceTree = "<group>"; };
		4172CF8127F3575000B9E8B1 /* MainView.swift */ = {isa = PBXFileReference; lastKnownFileType = sourcecode.swift; path = MainView.swift; sourceTree = "<group>"; };
		4172CF8927F38C8D00B9E8B1 /* VideoCardView.swift */ = {isa = PBXFileReference; lastKnownFileType = sourcecode.swift; path = VideoCardView.swift; sourceTree = "<group>"; };
		4172CF8B27F38D1F00B9E8B1 /* balarinas.mov */ = {isa = PBXFileReference; lastKnownFileType = video.quicktime; path = balarinas.mov; sourceTree = "<group>"; };
		4172CF8D27F38FAC00B9E8B1 /* runway.mov */ = {isa = PBXFileReference; lastKnownFileType = video.quicktime; path = runway.mov; sourceTree = "<group>"; };
		4172CF8F27F3931C00B9E8B1 /* runwayback.mov */ = {isa = PBXFileReference; lastKnownFileType = video.quicktime; path = runwayback.mov; sourceTree = "<group>"; };
		4172CF9127F4818D00B9E8B1 /* CreditView.swift */ = {isa = PBXFileReference; lastKnownFileType = sourcecode.swift; path = CreditView.swift; sourceTree = "<group>"; };
		4172CF9327F4970600B9E8B1 /* ImageDetail.swift */ = {isa = PBXFileReference; lastKnownFileType = sourcecode.swift; path = ImageDetail.swift; sourceTree = "<group>"; };
/* End PBXFileReference section */

/* Begin PBXFrameworksBuildPhase section */
		4172CF6727F33F6000B9E8B1 /* Frameworks */ = {
			isa = PBXFrameworksBuildPhase;
			buildActionMask = 2147483647;
			files = (
			);
			runOnlyForDeploymentPostprocessing = 0;
		};
/* End PBXFrameworksBuildPhase section */

/* Begin PBXGroup section */
		4172CF6127F33F6000B9E8B1 = {
			isa = PBXGroup;
			children = (
				4172CF6C27F33F6000B9E8B1 /* ateliers_farsiani */,
				4172CF6B27F33F6000B9E8B1 /* Products */,
			);
			sourceTree = "<group>";
		};
		4172CF6B27F33F6000B9E8B1 /* Products */ = {
			isa = PBXGroup;
			children = (
				4172CF6A27F33F6000B9E8B1 /* ateliers_farsiani.app */,
			);
			name = Products;
			sourceTree = "<group>";
		};
		4172CF6C27F33F6000B9E8B1 /* ateliers_farsiani */ = {
			isa = PBXGroup;
			children = (
				4172CF6D27F33F6000B9E8B1 /* ateliers_farsianiApp.swift */,
				4172CF6F27F33F6000B9E8B1 /* ContentView.swift */,
				4172CF8127F3575000B9E8B1 /* MainView.swift */,
				4172CF9127F4818D00B9E8B1 /* CreditView.swift */,
				4172CF7D27F355A400B9E8B1 /* PictureView.swift */,
				4172CF9327F4970600B9E8B1 /* ImageDetail.swift */,
				4172CF7F27F355B300B9E8B1 /* VideoView.swift */,
				4172CF8927F38C8D00B9E8B1 /* VideoCardView.swift */,
				4172CF7127F33F6D00B9E8B1 /* Assets.xcassets */,
				4172CF7327F33F6D00B9E8B1 /* Preview Content */,
				4172CF7B27F3421F00B9E8B1 /* Launch_Screen.storyboard */,
				4172CF8B27F38D1F00B9E8B1 /* balarinas.mov */,
				4172CF8D27F38FAC00B9E8B1 /* runway.mov */,
				4172CF8F27F3931C00B9E8B1 /* runwayback.mov */,
			);
			path = ateliers_farsiani;
			sourceTree = "<group>";
		};
		4172CF7327F33F6D00B9E8B1 /* Preview Content */ = {
			isa = PBXGroup;
			children = (
				4172CF7427F33F6D00B9E8B1 /* Preview Assets.xcassets */,
			);
			path = "Preview Content";
			sourceTree = "<group>";
		};
/* End PBXGroup section */

/* Begin PBXNativeTarget section */
		4172CF6927F33F6000B9E8B1 /* ateliers_farsiani */ = {
			isa = PBXNativeTarget;
			buildConfigurationList = 4172CF7827F33F6D00B9E8B1 /* Build configuration list for PBXNativeTarget "ateliers_farsiani" */;
			buildPhases = (
				4172CF6627F33F6000B9E8B1 /* Sources */,
				4172CF6727F33F6000B9E8B1 /* Frameworks */,
				4172CF6827F33F6000B9E8B1 /* Resources */,
			);
			buildRules = (
			);
			dependencies = (
			);
			name = ateliers_farsiani;
			productName = ateliers_farsiani;
			productReference = 4172CF6A27F33F6000B9E8B1 /* ateliers_farsiani.app */;
			productType = "com.apple.product-type.application";
		};
/* End PBXNativeTarget section */

/* Begin PBXProject section */
		4172CF6227F33F6000B9E8B1 /* Project object */ = {
			isa = PBXProject;
			attributes = {
				BuildIndependentTargetsInParallel = 1;
				LastSwiftUpdateCheck = 1330;
				LastUpgradeCheck = 1330;
				TargetAttributes = {
					4172CF6927F33F6000B9E8B1 = {
						CreatedOnToolsVersion = 13.3;
					};
				};
			};
			buildConfigurationList = 4172CF6527F33F6000B9E8B1 /* Build configuration list for PBXProject "ateliers_farsiani" */;
			compatibilityVersion = "Xcode 13.0";
			developmentRegion = en;
			hasScannedForEncodings = 0;
			knownRegions = (
				en,
				Base,
			);
			mainGroup = 4172CF6127F33F6000B9E8B1;
			productRefGroup = 4172CF6B27F33F6000B9E8B1 /* Products */;
			projectDirPath = "";
			projectRoot = "";
			targets = (
				4172CF6927F33F6000B9E8B1 /* ateliers_farsiani */,
			);
		};
/* End PBXProject section */

/* Begin PBXResourcesBuildPhase section */
		4172CF6827F33F6000B9E8B1 /* Resources */ = {
			isa = PBXResourcesBuildPhase;
			buildActionMask = 2147483647;
			files = (
				4172CF7527F33F6D00B9E8B1 /* Preview Assets.xcassets in Resources */,
				4172CF9027F3931C00B9E8B1 /* runwayback.mov in Resources */,
				4172CF7C27F3421F00B9E8B1 /* Launch_Screen.storyboard in Resources */,
				4172CF8E27F38FAC00B9E8B1 /* runway.mov in Resources */,
				4172CF8C27F38D1F00B9E8B1 /* balarinas.mov in Resources */,
				4172CF7227F33F6D00B9E8B1 /* Assets.xcassets in Resources */,
			);
			runOnlyForDeploymentPostprocessing = 0;
		};
/* End PBXResourcesBuildPhase section */

/* Begin PBXSourcesBuildPhase section */
		4172CF6627F33F6000B9E8B1 /* Sources */ = {
			isa = PBXSourcesBuildPhase;
			buildActionMask = 2147483647;
			files = (
				4172CF9227F4818E00B9E8B1 /* CreditView.swift in Sources */,
				4172CF8027F355B300B9E8B1 /* VideoView.swift in Sources */,
				4172CF9427F4970600B9E8B1 /* ImageDetail.swift in Sources */,
				4172CF7E27F355A400B9E8B1 /* PictureView.swift in Sources */,
				4172CF7027F33F6000B9E8B1 /* ContentView.swift in Sources */,
				4172CF8227F3575000B9E8B1 /* MainView.swift in Sources */,
				4172CF8A27F38C8D00B9E8B1 /* VideoCardView.swift in Sources */,
				4172CF6E27F33F6000B9E8B1 /* ateliers_farsianiApp.swift in Sources */,
			);
			runOnlyForDeploymentPostprocessing = 0;
		};
/* End PBXSourcesBuildPhase section */

/* Begin XCBuildConfiguration section */
		4172CF7627F33F6D00B9E8B1 /* Debug */ = {
			isa = XCBuildConfiguration;
			buildSettings = {
				ALWAYS_SEARCH_USER_PATHS = NO;
				CLANG_ANALYZER_NONNULL = YES;
				CLANG_ANALYZER_NUMBER_OBJECT_CONVERSION = YES_AGGRESSIVE;
				CLANG_CXX_LANGUAGE_STANDARD = "gnu++17";
				CLANG_ENABLE_MODULES = YES;
				CLANG_ENABLE_OBJC_ARC = YES;
				CLANG_ENABLE_OBJC_WEAK = YES;
				CLANG_WARN_BLOCK_CAPTURE_AUTORELEASING = YES;
				CLANG_WARN_BOOL_CONVERSION = YES;
				CLANG_WARN_COMMA = YES;
				CLANG_WARN_CONSTANT_CONVERSION = YES;
				CLANG_WARN_DEPRECATED_OBJC_IMPLEMENTATIONS = YES;
				CLANG_WARN_DIRECT_OBJC_ISA_USAGE = YES_ERROR;
				CLANG_WARN_DOCUMENTATION_COMMENTS = YES;
				CLANG_WARN_EMPTY_BODY = YES;
				CLANG_WARN_ENUM_CONVERSION = YES;
				CLANG_WARN_INFINITE_RECURSION = YES;
				CLANG_WARN_INT_CONVERSION = YES;
				CLANG_WARN_NON_LITERAL_NULL_CONVERSION = YES;
				CLANG_WARN_OBJC_IMPLICIT_RETAIN_SELF = YES;
				CLANG_WARN_OBJC_LITERAL_CONVERSION = YES;
				CLANG_WARN_OBJC_ROOT_CLASS = YES_ERROR;
				CLANG_WARN_QUOTED_INCLUDE_IN_FRAMEWORK_HEADER = YES;
				CLANG_WARN_RANGE_LOOP_ANALYSIS = YES;
				CLANG_WARN_STRICT_PROTOTYPES = YES;
				CLANG_WARN_SUSPICIOUS_MOVE = YES;
				CLANG_WARN_UNGUARDED_AVAILABILITY = YES_AGGRESSIVE;
				CLANG_WARN_UNREACHABLE_CODE = YES;
				CLANG_WARN__DUPLICATE_METHOD_MATCH = YES;
				COPY_PHASE_STRIP = NO;
				DEBUG_INFORMATION_FORMAT = dwarf;
				ENABLE_STRICT_OBJC_MSGSEND = YES;
				ENABLE_TESTABILITY = YES;
				GCC_C_LANGUAGE_STANDARD = gnu11;
				GCC_DYNAMIC_NO_PIC = NO;
				GCC_NO_COMMON_BLOCKS = YES;
				GCC_OPTIMIZATION_LEVEL = 0;
				GCC_PREPROCESSOR_DEFINITIONS = (
					"DEBUG=1",
					"$(inherited)",
				);
				GCC_WARN_64_TO_32_BIT_CONVERSION = YES;
				GCC_WARN_ABOUT_RETURN_TYPE = YES_ERROR;
				GCC_WARN_UNDECLARED_SELECTOR = YES;
				GCC_WARN_UNINITIALIZED_AUTOS = YES_AGGRESSIVE;
				GCC_WARN_UNUSED_FUNCTION = YES;
				GCC_WARN_UNUSED_VARIABLE = YES;
				IPHONEOS_DEPLOYMENT_TARGET = 15.4;
				MTL_ENABLE_DEBUG_INFO = INCLUDE_SOURCE;
				MTL_FAST_MATH = YES;
				ONLY_ACTIVE_ARCH = YES;
				SDKROOT = iphoneos;
				SWIFT_ACTIVE_COMPILATION_CONDITIONS = DEBUG;
				SWIFT_OPTIMIZATION_LEVEL = "-Onone";
			};
			name = Debug;
		};
		4172CF7727F33F6D00B9E8B1 /* Release */ = {
			isa = XCBuildConfiguration;
			buildSettings = {
				ALWAYS_SEARCH_USER_PATHS = NO;
				CLANG_ANALYZER_NONNULL = YES;
				CLANG_ANALYZER_NUMBER_OBJECT_CONVERSION = YES_AGGRESSIVE;
				CLANG_CXX_LANGUAGE_STANDARD = "gnu++17";
				CLANG_ENABLE_MODULES = YES;
				CLANG_ENABLE_OBJC_ARC = YES;
				CLANG_ENABLE_OBJC_WEAK = YES;
				CLANG_WARN_BLOCK_CAPTURE_AUTORELEASING = YES;
				CLANG_WARN_BOOL_CONVERSION = YES;
				CLANG_WARN_COMMA = YES;
				CLANG_WARN_CONSTANT_CONVERSION = YES;
				CLANG_WARN_DEPRECATED_OBJC_IMPLEMENTATIONS = YES;
				CLANG_WARN_DIRECT_OBJC_ISA_USAGE = YES_ERROR;
				CLANG_WARN_DOCUMENTATION_COMMENTS = YES;
				CLANG_WARN_EMPTY_BODY = YES;
				CLANG_WARN_ENUM_CONVERSION = YES;
				CLANG_WARN_INFINITE_RECURSION = YES;
				CLANG_WARN_INT_CONVERSION = YES;
				CLANG_WARN_NON_LITERAL_NULL_CONVERSION = YES;
				CLANG_WARN_OBJC_IMPLICIT_RETAIN_SELF = YES;
				CLANG_WARN_OBJC_LITERAL_CONVERSION = YES;
				CLANG_WARN_OBJC_ROOT_CLASS = YES_ERROR;
				CLANG_WARN_QUOTED_INCLUDE_IN_FRAMEWORK_HEADER = YES;
				CLANG_WARN_RANGE_LOOP_ANALYSIS = YES;
				CLANG_WARN_STRICT_PROTOTYPES = YES;
				CLANG_WARN_SUSPICIOUS_MOVE = YES;
				CLANG_WARN_UNGUARDED_AVAILABILITY = YES_AGGRESSIVE;
				CLANG_WARN_UNREACHABLE_CODE = YES;
				CLANG_WARN__DUPLICATE_METHOD_MATCH = YES;
				COPY_PHASE_STRIP = NO;
				DEBUG_INFORMATION_FORMAT = "dwarf-with-dsym";
				ENABLE_NS_ASSERTIONS = NO;
				ENABLE_STRICT_OBJC_MSGSEND = YES;
				GCC_C_LANGUAGE_STANDARD = gnu11;
				GCC_NO_COMMON_BLOCKS = YES;
				GCC_WARN_64_TO_32_BIT_CONVERSION = YES;
				GCC_WARN_ABOUT_RETURN_TYPE = YES_ERROR;
				GCC_WARN_UNDECLARED_SELECTOR = YES;
				GCC_WARN_UNINITIALIZED_AUTOS = YES_AGGRESSIVE;
				GCC_WARN_UNUSED_FUNCTION = YES;
				GCC_WARN_UNUSED_VARIABLE = YES;
				IPHONEOS_DEPLOYMENT_TARGET = 15.4;
				MTL_ENABLE_DEBUG_INFO = NO;
				MTL_FAST_MATH = YES;
				SDKROOT = iphoneos;
				SWIFT_COMPILATION_MODE = wholemodule;
				SWIFT_OPTIMIZATION_LEVEL = "-O";
				VALIDATE_PRODUCT = YES;
			};
			name = Release;
		};
		4172CF7927F33F6D00B9E8B1 /* Debug */ = {
			isa = XCBuildConfiguration;
			buildSettings = {
				ASSETCATALOG_COMPILER_APPICON_NAME = AppIcon;
				ASSETCATALOG_COMPILER_GLOBAL_ACCENT_COLOR_NAME = AccentColor;
				ASSETCATALOG_COMPILER_INCLUDE_ALL_APPICON_ASSETS = YES;
				CODE_SIGN_STYLE = Automatic;
				CURRENT_PROJECT_VERSION = 1;
				DEVELOPMENT_ASSET_PATHS = "\"ateliers_farsiani/Preview Content\"";
				DEVELOPMENT_TEAM = 56F54J4H3N;
				ENABLE_PREVIEWS = YES;
				GENERATE_INFOPLIST_FILE = YES;
				INFOPLIST_KEY_UIApplicationSceneManifest_Generation = YES;
				INFOPLIST_KEY_UIApplicationSupportsIndirectInputEvents = YES;
				INFOPLIST_KEY_UILaunchScreen_Generation = YES;
				INFOPLIST_KEY_UILaunchStoryboardName = Launch_Screen;
				INFOPLIST_KEY_UISupportedInterfaceOrientations_iPad = "UIInterfaceOrientationPortrait UIInterfaceOrientationPortraitUpsideDown UIInterfaceOrientationLandscapeLeft UIInterfaceOrientationLandscapeRight";
				INFOPLIST_KEY_UISupportedInterfaceOrientations_iPhone = "UIInterfaceOrientationPortrait UIInterfaceOrientationLandscapeLeft UIInterfaceOrientationLandscapeRight";
				LD_RUNPATH_SEARCH_PATHS = (
					"$(inherited)",
					"@executable_path/Frameworks",
				);
				MARKETING_VERSION = 1.0;
				PRODUCT_BUNDLE_IDENTIFIER = "com.mobilesoftwareservices.ateliers-farsiani";
				PRODUCT_NAME = "$(TARGET_NAME)";
				SWIFT_EMIT_LOC_STRINGS = YES;
				SWIFT_VERSION = 5.0;
				TARGETED_DEVICE_FAMILY = "1,2";
			};
			name = Debug;
		};
		4172CF7A27F33F6D00B9E8B1 /* Release */ = {
			isa = XCBuildConfiguration;
			buildSettings = {
				ASSETCATALOG_COMPILER_APPICON_NAME = AppIcon;
				ASSETCATALOG_COMPILER_GLOBAL_ACCENT_COLOR_NAME = AccentColor;
				ASSETCATALOG_COMPILER_INCLUDE_ALL_APPICON_ASSETS = YES;
				CODE_SIGN_STYLE = Automatic;
				CURRENT_PROJECT_VERSION = 1;
				DEVELOPMENT_ASSET_PATHS = "\"ateliers_farsiani/Preview Content\"";
				DEVELOPMENT_TEAM = 56F54J4H3N;
				ENABLE_PREVIEWS = YES;
				GENERATE_INFOPLIST_FILE = YES;
				INFOPLIST_KEY_UIApplicationSceneManifest_Generation = YES;
				INFOPLIST_KEY_UIApplicationSupportsIndirectInputEvents = YES;
				INFOPLIST_KEY_UILaunchScreen_Generation = YES;
				INFOPLIST_KEY_UILaunchStoryboardName = Launch_Screen;
				INFOPLIST_KEY_UISupportedInterfaceOrientations_iPad = "UIInterfaceOrientationPortrait UIInterfaceOrientationPortraitUpsideDown UIInterfaceOrientationLandscapeLeft UIInterfaceOrientationLandscapeRight";
				INFOPLIST_KEY_UISupportedInterfaceOrientations_iPhone = "UIInterfaceOrientationPortrait UIInterfaceOrientationLandscapeLeft UIInterfaceOrientationLandscapeRight";
				LD_RUNPATH_SEARCH_PATHS = (
					"$(inherited)",
					"@executable_path/Frameworks",
				);
				MARKETING_VERSION = 1.0;
				PRODUCT_BUNDLE_IDENTIFIER = "com.mobilesoftwareservices.ateliers-farsiani";
				PRODUCT_NAME = "$(TARGET_NAME)";
				SWIFT_EMIT_LOC_STRINGS = YES;
				SWIFT_VERSION = 5.0;
				TARGETED_DEVICE_FAMILY = "1,2";
			};
			name = Release;
		};
/* End XCBuildConfiguration section */

/* Begin XCConfigurationList section */
		4172CF6527F33F6000B9E8B1 /* Build configuration list for PBXProject "ateliers_farsiani" */ = {
			isa = XCConfigurationList;
			buildConfigurations = (
				4172CF7627F33F6D00B9E8B1 /* Debug */,
				4172CF7727F33F6D00B9E8B1 /* Release */,
			);
			defaultConfigurationIsVisible = 0;
			defaultConfigurationName = Release;
		};
		4172CF7827F33F6D00B9E8B1 /* Build configuration list for PBXNativeTarget "ateliers_farsiani" */ = {
			isa = XCConfigurationList;
			buildConfigurations = (
				4172CF7927F33F6D00B9E8B1 /* Debug */,
				4172CF7A27F33F6D00B9E8B1 /* Release */,
			);
			defaultConfigurationIsVisible = 0;
			defaultConfigurationName = Release;
		};
/* End XCConfigurationList section */
	};
	rootObject = 4172CF6227F33F6000B9E8B1 /* Project object */;
}
